{
  "name": "@synatic/parameter-parser",
  "version": "0.0.1",
  "lockfileVersion": 1,
  "requires": true,
  "dependencies": {
    "check-types": {
      "version": "10.0.0",
      "resolved": "https://registry.npmjs.org/check-types/-/check-types-10.0.0.tgz",
      "integrity": "sha512-FeKh/xUITytmx5fC709lzTnUJPDjeOrVZJ1cvkLwtxXJp8g0z7FY5heK5w1Iy8cYV5n563wCcnnxMjkAc4JzFA=="
    },
    "deepcopy": {
      "version": "2.0.0",
      "resolved": "https://registry.npmjs.org/deepcopy/-/deepcopy-2.0.0.tgz",
      "integrity": "sha512-d5ZK7pJw7F3k6M5vqDjGiiUS9xliIyWkdzBjnPhnSeRGjkYOGZMCFkdKVwV/WiHOe0NwzB8q+iDo7afvSf0arA==",
      "requires": {
        "type-detect": "^4.0.8"
      }
    },
    "foreach": {
      "version": "2.0.5",
      "resolved": "https://registry.npmjs.org/foreach/-/foreach-2.0.5.tgz",
      "integrity": "sha1-C+4AUBiusmDQo6865ljdATbsG5k="
    },
    "json-magic": {
      "version": "0.0.10",
      "resolved": "https://registry.npmjs.org/json-magic/-/json-magic-0.0.10.tgz",
      "integrity": "sha512-qePKCNiynwEFGcbfsoPtoWxJXeeQZ50IyIRX2h+zhoq6B2MG4UvxjKS7xWrbEvrXluT63Sh/GBOkE0AfkBKIxw==",
      "requires": {
        "check-types": "8.0.2",
        "json-pointer": "0.6.0"
      },
      "dependencies": {
        "check-types": {
          "version": "8.0.2",
          "resolved": "https://registry.npmjs.org/check-types/-/check-types-8.0.2.tgz",
          "integrity": "sha512-rS6P/iiI/5YVTKc2uYi30l6rp3ygz3+C8woEGQMsJ/77tl5LiSrLxOIm4cNAG3RhjHeKXUn1GrzTED3heX3tPw=="
        }
      }
    },
    "json-pointer": {
      "version": "0.6.0",
      "resolved": "https://registry.npmjs.org/json-pointer/-/json-pointer-0.6.0.tgz",
      "integrity": "sha1-jlAFUKaqxUZKRzN32leqbMIoKNc=",
      "requires": {
        "foreach": "^2.0.4"
      }
    },
    "type-detect": {
      "version": "4.0.8",
      "resolved": "https://registry.npmjs.org/type-detect/-/type-detect-4.0.8.tgz",
      "integrity": "sha512-0fr/mIH1dlO+x7TlcMy+bIDqKPsw/70tVyeHW787goQjhmqaZe10uwLujubK9q9Lg6Fiho1KUKDYz0Z7k7g5/g=="
    }
  }
}
